
Microsoft Visual Studio Solution File, Format Version 12.00
# Visual Studio 15
VisualStudioVersion = 15.0.28010.2050
MinimumVisualStudioVersion = 10.0.40219.1
Project("{FAE04EC0-301F-11D3-BF4B-00C04F79EFBC}") = "BackEndProject", "BackEndProject\BackEndProject.csproj", "{2DEF060D-47DC-48DE-A31A-A8F272C0E893}"
EndProject
Global
	GlobalSection(SolutionConfigurationPlatforms) = preSolution
		Debug|Any CPU = Debug|Any CPU
		Release|Any CPU = Release|Any CPU
	EndGlobalSection
	GlobalSection(ProjectConfigurationPlatforms) = postSolution
		{2DEF060D-47DC-48DE-A31A-A8F272C0E893}.Debug|Any CPU.ActiveCfg = Debug|Any CPU
		{2DEF060D-47DC-48DE-A31A-A8F272C0E893}.Debug|Any CPU.Build.0 = Debug|Any CPU
		{2DEF060D-47DC-48DE-A31A-A8F272C0E893}.Release|Any CPU.ActiveCfg = Release|Any CPU
		{2DEF060D-47DC-48DE-A31A-A8F272C0E893}.Release|Any CPU.Build.0 = Release|Any CPU
	EndGlobalSection
	GlobalSection(SolutionProperties) = preSolution
		HideSolutionNode = FALSE
	EndGlobalSection
	GlobalSection(ExtensibilityGlobals) = postSolution
		SolutionGuid = {5A5E9093-1A67-4681-A4ED-B7B31D6BF176}
	EndGlobalSection
EndGlobal
